
Microsoft Visual Studio Solution File, Format Version 12.00
# Visual Studio 2013
VisualStudioVersion = 12.0.40629.0
MinimumVisualStudioVersion = 10.0.40219.1
Project("{FAE04EC0-301F-11D3-BF4B-00C04F79EFBC}") = "MultipleSubmitForm", "MultipleSubmitForm\MultipleSubmitForm.csproj", "{A93CB0A1-A7AD-4809-819E-B22C6D1166A9}"
EndProject
Global
	GlobalSection(SolutionConfigurationPlatforms) = preSolution
		Debug|Any CPU = Debug|Any CPU
		Release|Any CPU = Release|Any CPU
	EndGlobalSection
	GlobalSection(ProjectConfigurationPlatforms) = postSolution
		{A93CB0A1-A7AD-4809-819E-B22C6D1166A9}.Debug|Any CPU.ActiveCfg = Debug|Any CPU
		{A93CB0A1-A7AD-4809-819E-B22C6D1166A9}.Debug|Any CPU.Build.0 = Debug|Any CPU
		{A93CB0A1-A7AD-4809-819E-B22C6D1166A9}.Release|Any CPU.ActiveCfg = Release|Any CPU
		{A93CB0A1-A7AD-4809-819E-B22C6D1166A9}.Release|Any CPU.Build.0 = Release|Any CPU
	EndGlobalSection
	GlobalSection(SolutionProperties) = preSolution
		HideSolutionNode = FALSE
	EndGlobalSection
EndGlobal
